
Microsoft Visual Studio Solution File, Format Version 12.00
# Visual Studio Version 17
VisualStudioVersion = 17.14.36212.18 d17.14
MinimumVisualStudioVersion = 10.0.40219.1
Project("{FAE04EC0-301F-11D3-BF4B-00C04F79EFBC}") = "TalepVeHarcamaSistemi", "TalepVeHarcamaSistemi\TalepVeHarcamaSistemi.csproj", "{BFAF164D-CC41-40D6-BA96-AFD2F45B3ED5}"
EndProject
Global
	GlobalSection(SolutionConfigurationPlatforms) = preSolution
		Debug|Any CPU = Debug|Any CPU
		Release|Any CPU = Release|Any CPU
	EndGlobalSection
	GlobalSection(ProjectConfigurationPlatforms) = postSolution
		{BFAF164D-CC41-40D6-BA96-AFD2F45B3ED5}.Debug|Any CPU.ActiveCfg = Debug|Any CPU
		{BFAF164D-CC41-40D6-BA96-AFD2F45B3ED5}.Debug|Any CPU.Build.0 = Debug|Any CPU
		{BFAF164D-CC41-40D6-BA96-AFD2F45B3ED5}.Release|Any CPU.ActiveCfg = Release|Any CPU
		{BFAF164D-CC41-40D6-BA96-AFD2F45B3ED5}.Release|Any CPU.Build.0 = Release|Any CPU
	EndGlobalSection
	GlobalSection(SolutionProperties) = preSolution
		HideSolutionNode = FALSE
	EndGlobalSection
	GlobalSection(ExtensibilityGlobals) = postSolution
		SolutionGuid = {C54CFC0B-7F37-4077-ADF4-210CBA79361B}
	EndGlobalSection
EndGlobal
